# @generated by Move, please check-in and do not edit manually.

[move]
version = 3
manifest_digest = "A48EAB3E9E0CCA74EA166BB37FCB9CE149D075D4B03C2F353A8BB0648957ACF7"
deps_digest = "F8BBB0CCB2491CA29A3DF03D6F92277A4F3574266507ACD77214D37ECA3F3082"
dependencies = [
  { id = "Iota", name = "Iota" },
]

[[move.package]]
id = "Iota"
source = { git = "https://github.com/iotaledger/iota.git", rev = "testnet", subdir = "crates/iota-framework/packages/iota-framework" }

dependencies = [
  { id = "MoveStdlib", name = "MoveStdlib" },
]

[[move.package]]
id = "MoveStdlib"
source = { git = "https://github.com/iotaledger/iota.git", rev = "testnet", subdir = "crates/iota-framework/packages/move-stdlib" }

[move.toolchain-version]
compiler-version = "0.12.0-rc"
edition = "2024.beta"
flavor = "iota"

[env]

[env.devnet]
chain-id = "e678123a"
original-published-id = "0xe2990fecf7f783c1c31f300468e32e7632cb49e01f2b5dce73bdb6607bbcf7cb"
latest-published-id = "0xe2990fecf7f783c1c31f300468e32e7632cb49e01f2b5dce73bdb6607bbcf7cb"
published-version = "1"
